
Microsoft Visual Studio Solution File, Format Version 12.00
# Visual Studio Version 17
VisualStudioVersion = 17.4.33213.308
MinimumVisualStudioVersion = 10.0.40219.1
Project("{FAE04EC0-301F-11D3-BF4B-00C04F79EFBC}") = "Tehtävä2", "Tehtävä2\Tehtävä2.csproj", "{277BB84B-8AFA-4B1E-B783-B34A2C5A0C59}"
EndProject
Global
	GlobalSection(SolutionConfigurationPlatforms) = preSolution
		Debug|Any CPU = Debug|Any CPU
		Release|Any CPU = Release|Any CPU
	EndGlobalSection
	GlobalSection(ProjectConfigurationPlatforms) = postSolution
		{277BB84B-8AFA-4B1E-B783-B34A2C5A0C59}.Debug|Any CPU.ActiveCfg = Debug|Any CPU
		{277BB84B-8AFA-4B1E-B783-B34A2C5A0C59}.Debug|Any CPU.Build.0 = Debug|Any CPU
		{277BB84B-8AFA-4B1E-B783-B34A2C5A0C59}.Release|Any CPU.ActiveCfg = Release|Any CPU
		{277BB84B-8AFA-4B1E-B783-B34A2C5A0C59}.Release|Any CPU.Build.0 = Release|Any CPU
	EndGlobalSection
	GlobalSection(SolutionProperties) = preSolution
		HideSolutionNode = FALSE
	EndGlobalSection
	GlobalSection(ExtensibilityGlobals) = postSolution
		SolutionGuid = {EE8C2AD4-19A3-484C-8F11-B966B6E009E3}
	EndGlobalSection
EndGlobal
