
Microsoft Visual Studio Solution File, Format Version 12.00
# Visual Studio Version 17
VisualStudioVersion = 17.4.33213.308
MinimumVisualStudioVersion = 10.0.40219.1
Project("{FAE04EC0-301F-11D3-BF4B-00C04F79EFBC}") = "Tehtävä6", "Tehtävä6\Tehtävä6.csproj", "{6161CA79-6398-40C3-A54D-8F7709B6B7FF}"
EndProject
Global
	GlobalSection(SolutionConfigurationPlatforms) = preSolution
		Debug|Any CPU = Debug|Any CPU
		Release|Any CPU = Release|Any CPU
	EndGlobalSection
	GlobalSection(ProjectConfigurationPlatforms) = postSolution
		{6161CA79-6398-40C3-A54D-8F7709B6B7FF}.Debug|Any CPU.ActiveCfg = Debug|Any CPU
		{6161CA79-6398-40C3-A54D-8F7709B6B7FF}.Debug|Any CPU.Build.0 = Debug|Any CPU
		{6161CA79-6398-40C3-A54D-8F7709B6B7FF}.Release|Any CPU.ActiveCfg = Release|Any CPU
		{6161CA79-6398-40C3-A54D-8F7709B6B7FF}.Release|Any CPU.Build.0 = Release|Any CPU
	EndGlobalSection
	GlobalSection(SolutionProperties) = preSolution
		HideSolutionNode = FALSE
	EndGlobalSection
	GlobalSection(ExtensibilityGlobals) = postSolution
		SolutionGuid = {85871368-B974-461D-93BF-8C766EA493AD}
	EndGlobalSection
EndGlobal
