
Microsoft Visual Studio Solution File, Format Version 12.00
# Visual Studio Version 17
VisualStudioVersion = 17.4.33213.308
MinimumVisualStudioVersion = 10.0.40219.1
Project("{FAE04EC0-301F-11D3-BF4B-00C04F79EFBC}") = "Tehtävä3", "Tehtävä3\Tehtävä3.csproj", "{0E9165B3-D541-43C8-8361-652AB1CEA920}"
EndProject
Global
	GlobalSection(SolutionConfigurationPlatforms) = preSolution
		Debug|Any CPU = Debug|Any CPU
		Release|Any CPU = Release|Any CPU
	EndGlobalSection
	GlobalSection(ProjectConfigurationPlatforms) = postSolution
		{0E9165B3-D541-43C8-8361-652AB1CEA920}.Debug|Any CPU.ActiveCfg = Debug|Any CPU
		{0E9165B3-D541-43C8-8361-652AB1CEA920}.Debug|Any CPU.Build.0 = Debug|Any CPU
		{0E9165B3-D541-43C8-8361-652AB1CEA920}.Release|Any CPU.ActiveCfg = Release|Any CPU
		{0E9165B3-D541-43C8-8361-652AB1CEA920}.Release|Any CPU.Build.0 = Release|Any CPU
	EndGlobalSection
	GlobalSection(SolutionProperties) = preSolution
		HideSolutionNode = FALSE
	EndGlobalSection
	GlobalSection(ExtensibilityGlobals) = postSolution
		SolutionGuid = {7089E2D8-D699-4BE1-B0FD-5AB1A5341707}
	EndGlobalSection
EndGlobal
